
Microsoft Visual Studio Solution File, Format Version 12.00
# Visual Studio Version 17
VisualStudioVersion = 17.1.32407.343
MinimumVisualStudioVersion = 10.0.40219.1
Project("{FAE04EC0-301F-11D3-BF4B-00C04F79EFBC}") = "FactoryPattern_Demo", "FactoryPattern_Demo\FactoryPattern_Demo.csproj", "{4E81FF8A-1CF1-472E-A21C-289846CDD245}"
EndProject
Global
	GlobalSection(SolutionConfigurationPlatforms) = preSolution
		Debug|Any CPU = Debug|Any CPU
		Release|Any CPU = Release|Any CPU
	EndGlobalSection
	GlobalSection(ProjectConfigurationPlatforms) = postSolution
		{4E81FF8A-1CF1-472E-A21C-289846CDD245}.Debug|Any CPU.ActiveCfg = Debug|Any CPU
		{4E81FF8A-1CF1-472E-A21C-289846CDD245}.Debug|Any CPU.Build.0 = Debug|Any CPU
		{4E81FF8A-1CF1-472E-A21C-289846CDD245}.Release|Any CPU.ActiveCfg = Release|Any CPU
		{4E81FF8A-1CF1-472E-A21C-289846CDD245}.Release|Any CPU.Build.0 = Release|Any CPU
	EndGlobalSection
	GlobalSection(SolutionProperties) = preSolution
		HideSolutionNode = FALSE
	EndGlobalSection
	GlobalSection(ExtensibilityGlobals) = postSolution
		SolutionGuid = {B0BF7293-8497-410A-A112-B285F0A71AFF}
	EndGlobalSection
EndGlobal
