
Microsoft Visual Studio Solution File, Format Version 12.00
# Visual Studio Version 17
VisualStudioVersion = 17.1.32407.343
MinimumVisualStudioVersion = 10.0.40219.1
Project("{FAE04EC0-301F-11D3-BF4B-00C04F79EFBC}") = "HEMP_Demo", "HEMP_Demo\HEMP_Demo.csproj", "{6BE2710D-341D-4AA6-BBBC-EE4449BCCE03}"
EndProject
Global
	GlobalSection(SolutionConfigurationPlatforms) = preSolution
		Debug|Any CPU = Debug|Any CPU
		Release|Any CPU = Release|Any CPU
	EndGlobalSection
	GlobalSection(ProjectConfigurationPlatforms) = postSolution
		{6BE2710D-341D-4AA6-BBBC-EE4449BCCE03}.Debug|Any CPU.ActiveCfg = Debug|Any CPU
		{6BE2710D-341D-4AA6-BBBC-EE4449BCCE03}.Debug|Any CPU.Build.0 = Debug|Any CPU
		{6BE2710D-341D-4AA6-BBBC-EE4449BCCE03}.Release|Any CPU.ActiveCfg = Release|Any CPU
		{6BE2710D-341D-4AA6-BBBC-EE4449BCCE03}.Release|Any CPU.Build.0 = Release|Any CPU
	EndGlobalSection
	GlobalSection(SolutionProperties) = preSolution
		HideSolutionNode = FALSE
	EndGlobalSection
	GlobalSection(ExtensibilityGlobals) = postSolution
		SolutionGuid = {64D941E7-6354-4910-BB32-F683A22EFAA1}
	EndGlobalSection
EndGlobal
