
Microsoft Visual Studio Solution File, Format Version 12.00
# Visual Studio Version 17
VisualStudioVersion = 17.1.32407.343
MinimumVisualStudioVersion = 10.0.40219.1
Project("{FAE04EC0-301F-11D3-BF4B-00C04F79EFBC}") = "SRP_Demo", "SRP_Demo\SRP_Demo.csproj", "{44956D4B-D79E-4FFE-B0D9-6AC342A6E673}"
EndProject
Global
	GlobalSection(SolutionConfigurationPlatforms) = preSolution
		Debug|Any CPU = Debug|Any CPU
		Release|Any CPU = Release|Any CPU
	EndGlobalSection
	GlobalSection(ProjectConfigurationPlatforms) = postSolution
		{44956D4B-D79E-4FFE-B0D9-6AC342A6E673}.Debug|Any CPU.ActiveCfg = Debug|Any CPU
		{44956D4B-D79E-4FFE-B0D9-6AC342A6E673}.Debug|Any CPU.Build.0 = Debug|Any CPU
		{44956D4B-D79E-4FFE-B0D9-6AC342A6E673}.Release|Any CPU.ActiveCfg = Release|Any CPU
		{44956D4B-D79E-4FFE-B0D9-6AC342A6E673}.Release|Any CPU.Build.0 = Release|Any CPU
	EndGlobalSection
	GlobalSection(SolutionProperties) = preSolution
		HideSolutionNode = FALSE
	EndGlobalSection
	GlobalSection(ExtensibilityGlobals) = postSolution
		SolutionGuid = {B4E74A29-510A-474E-8164-4579330A25CC}
	EndGlobalSection
EndGlobal
